Microsoft Visual Studio Solution File, Format Version 12.00
# Visual Studio Version 17
VisualStudioVersion = 17.5.2.0
MinimumVisualStudioVersion = 10.0.40219.1
Project("{FAE04EC0-301F-11D3-BF4B-00C04F79EFBC}") = "chat-dotnet", "chat-dotnet.csproj", "{AA9BBF32-8E9B-8969-35B6-C2A344684E87}"
EndProject
Global
	GlobalSection(SolutionConfigurationPlatforms) = preSolution
		Debug|Any CPU = Debug|Any CPU
		Release|Any CPU = Release|Any CPU
	EndGlobalSection
	GlobalSection(ProjectConfigurationPlatforms) = postSolution
		{AA9BBF32-8E9B-8969-35B6-C2A344684E87}.Debug|Any CPU.ActiveCfg = Debug|Any CPU
		{AA9BBF32-8E9B-8969-35B6-C2A344684E87}.Debug|Any CPU.Build.0 = Debug|Any CPU
		{AA9BBF32-8E9B-8969-35B6-C2A344684E87}.Release|Any CPU.ActiveCfg = Release|Any CPU
		{AA9BBF32-8E9B-8969-35B6-C2A344684E87}.Release|Any CPU.Build.0 = Release|Any CPU
	EndGlobalSection
	GlobalSection(SolutionProperties) = preSolution
		HideSolutionNode = FALSE
	EndGlobalSection
	GlobalSection(ExtensibilityGlobals) = postSolution
		SolutionGuid = {5E5C118A-FA25-4076-812D-A42C610F6C94}
	EndGlobalSection
EndGlobal
